// !$*UTF8*$!
{
	archiveVersion = 1;
	classes = {
	};
	objectVersion = 77;
	objects = {

/* Begin PBXBuildFile section */
		56F34E782DDBE6750001D560 /* FirebaseAnalytics in Frameworks */ = {isa = PBXBuildFile; productRef = 56F34E772DDBE6750001D560 /* FirebaseAnalytics */; };
		56F34E7A2DDBE6750001D560 /* FirebaseAnalyticsOnDeviceConversion in Frameworks */ = {isa = PBXBuildFile; productRef = 56F34E792DDBE6750001D560 /* FirebaseAnalyticsOnDeviceConversion */; };
		56F34E7C2DDBE6750001D560 /* FirebaseAnalyticsWithoutAdIdSupport in Frameworks */ = {isa = PBXBuildFile; productRef = 56F34E7B2DDBE6750001D560 /* FirebaseAnalyticsWithoutAdIdSupport */; };
		56F34E7E2DDBE6750001D560 /* FirebaseAppCheck in Frameworks */ = {isa = PBXBuildFile; productRef = 56F34E7D2DDBE6750001D560 /* FirebaseAppCheck */; };
		56F34E802DDBE6750001D560 /* FirebaseAppDistribution-Beta in Frameworks */ = {isa = PBXBuildFile; productRef = 56F34E7F2DDBE6750001D560 /* FirebaseAppDistribution-Beta */; };
		56F34E822DDBE6750001D560 /* FirebaseAuth in Frameworks */ = {isa = PBXBuildFile; productRef = 56F34E812DDBE6750001D560 /* FirebaseAuth */; };
		56F34E842DDBE6750001D560 /* FirebaseAuthCombine-Community in Frameworks */ = {isa = PBXBuildFile; productRef = 56F34E832DDBE6750001D560 /* FirebaseAuthCombine-Community */; };
		56F34E862DDBE6750001D560 /* FirebaseCore in Frameworks */ = {isa = PBXBuildFile; productRef = 56F34E852DDBE6750001D560 /* FirebaseCore */; };
		56F34E882DDBE6750001D560 /* FirebaseCrashlytics in Frameworks */ = {isa = PBXBuildFile; productRef = 56F34E872DDBE6750001D560 /* FirebaseCrashlytics */; };
		56F34E8A2DDBE6750001D560 /* FirebaseDatabase in Frameworks */ = {isa = PBXBuildFile; productRef = 56F34E892DDBE6750001D560 /* FirebaseDatabase */; };
		56F34E8C2DDBE6750001D560 /* FirebaseDynamicLinks in Frameworks */ = {isa = PBXBuildFile; productRef = 56F34E8B2DDBE6750001D560 /* FirebaseDynamicLinks */; };
		56F34E8E2DDBE6750001D560 /* FirebaseFirestore in Frameworks */ = {isa = PBXBuildFile; productRef = 56F34E8D2DDBE6750001D560 /* FirebaseFirestore */; };
		56F34E902DDBE6750001D560 /* FirebaseFirestoreCombine-Community in Frameworks */ = {isa = PBXBuildFile; productRef = 56F34E8F2DDBE6750001D560 /* FirebaseFirestoreCombine-Community */; };
		56F34E922DDBE6750001D560 /* FirebaseFunctions in Frameworks */ = {isa = PBXBuildFile; productRef = 56F34E912DDBE6750001D560 /* FirebaseFunctions */; };
		56F34E942DDBE6750001D560 /* FirebaseFunctionsCombine-Community in Frameworks */ = {isa = PBXBuildFile; productRef = 56F34E932DDBE6750001D560 /* FirebaseFunctionsCombine-Community */; };
		56F34E962DDBE6750001D560 /* FirebaseInAppMessaging-Beta in Frameworks */ = {isa = PBXBuildFile; productRef = 56F34E952DDBE6750001D560 /* FirebaseInAppMessaging-Beta */; };
		56F34E982DDBE6750001D560 /* FirebaseInstallations in Frameworks */ = {isa = PBXBuildFile; productRef = 56F34E972DDBE6750001D560 /* FirebaseInstallations */; };
		56F34E9A2DDBE6750001D560 /* FirebaseMessaging in Frameworks */ = {isa = PBXBuildFile; productRef = 56F34E992DDBE6750001D560 /* FirebaseMessaging */; };
		56F34E9C2DDBE6750001D560 /* FirebaseMLModelDownloader in Frameworks */ = {isa = PBXBuildFile; productRef = 56F34E9B2DDBE6750001D560 /* FirebaseMLModelDownloader */; };
		56F34E9E2DDBE6750001D560 /* FirebasePerformance in Frameworks */ = {isa = PBXBuildFile; productRef = 56F34E9D2DDBE6750001D560 /* FirebasePerformance */; };
		56F34EA02DDBE6750001D560 /* FirebaseRemoteConfig in Frameworks */ = {isa = PBXBuildFile; productRef = 56F34E9F2DDBE6750001D560 /* FirebaseRemoteConfig */; };
		56F34EA22DDBE6750001D560 /* FirebaseStorage in Frameworks */ = {isa = PBXBuildFile; productRef = 56F34EA12DDBE6750001D560 /* FirebaseStorage */; };
		56F34EA42DDBE6750001D560 /* FirebaseStorageCombine-Community in Frameworks */ = {isa = PBXBuildFile; productRef = 56F34EA32DDBE6750001D560 /* FirebaseStorageCombine-Community */; };
		56F34EA62DDBE6750001D560 /* FirebaseVertexAI in Frameworks */ = {isa = PBXBuildFile; productRef = 56F34EA52DDBE6750001D560 /* FirebaseVertexAI */; };
/* End PBXBuildFile section */

/* Begin PBXContainerItemProxy section */
		562B13472DDBE08E00FE33B3 /* PBXContainerItemProxy */ = {
			isa = PBXContainerItemProxy;
			containerPortal = 562B13312DDBE08C00FE33B3 /* Project object */;
			proxyType = 1;
			remoteGlobalIDString = 562B13382DDBE08C00FE33B3;
			remoteInfo = pushlap;
		};
		562B13512DDBE08E00FE33B3 /* PBXContainerItemProxy */ = {
			isa = PBXContainerItemProxy;
			containerPortal = 562B13312DDBE08C00FE33B3 /* Project object */;
			proxyType = 1;
			remoteGlobalIDString = 562B13382DDBE08C00FE33B3;
			remoteInfo = pushlap;
		};
/* End PBXContainerItemProxy section */

/* Begin PBXFileReference section */
		562B13392DDBE08C00FE33B3 /* pushlap.app */ = {isa = PBXFileReference; explicitFileType = wrapper.application; includeInIndex = 0; path = pushlap.app; sourceTree = BUILT_PRODUCTS_DIR; };
		562B13462DDBE08E00FE33B3 /* pushlapTests.xctest */ = {isa = PBXFileReference; explicitFileType = wrapper.cfbundle; includeInIndex = 0; path = pushlapTests.xctest; sourceTree = BUILT_PRODUCTS_DIR; };
		562B13502DDBE08E00FE33B3 /* pushlapUITests.xctest */ = {isa = PBXFileReference; explicitFileType = wrapper.cfbundle; includeInIndex = 0; path = pushlapUITests.xctest; sourceTree = BUILT_PRODUCTS_DIR; };
/* End PBXFileReference section */

/* Begin PBXFileSystemSynchronizedRootGroup section */
		562B133B2DDBE08C00FE33B3 /* pushlap */ = {
			isa = PBXFileSystemSynchronizedRootGroup;
			path = pushlap;
			sourceTree = "<group>";
		};
		562B13492DDBE08E00FE33B3 /* pushlapTests */ = {
			isa = PBXFileSystemSynchronizedRootGroup;
			path = pushlapTests;
			sourceTree = "<group>";
		};
		562B13532DDBE08E00FE33B3 /* pushlapUITests */ = {
			isa = PBXFileSystemSynchronizedRootGroup;
			path = pushlapUITests;
			sourceTree = "<group>";
		};
/* End PBXFileSystemSynchronizedRootGroup section */

/* Begin PBXFrameworksBuildPhase section */
		562B13362DDBE08C00FE33B3 /* Frameworks */ = {
			isa = PBXFrameworksBuildPhase;
			buildActionMask = 2147483647;
			files = (
				56F34E9A2DDBE6750001D560 /* FirebaseMessaging in Frameworks */,
				56F34EA62DDBE6750001D560 /* FirebaseVertexAI in Frameworks */,
				56F34E902DDBE6750001D560 /* FirebaseFirestoreCombine-Community in Frameworks */,
				56F34E9E2DDBE6750001D560 /* FirebasePerformance in Frameworks */,
				56F34EA42DDBE6750001D560 /* FirebaseStorageCombine-Community in Frameworks */,
				56F34EA02DDBE6750001D560 /* FirebaseRemoteConfig in Frameworks */,
				56F34E922DDBE6750001D560 /* FirebaseFunctions in Frameworks */,
				56F34E8A2DDBE6750001D560 /* FirebaseDatabase in Frameworks */,
				56F34E8C2DDBE6750001D560 /* FirebaseDynamicLinks in Frameworks */,
				56F34E7E2DDBE6750001D560 /* FirebaseAppCheck in Frameworks */,
				56F34E822DDBE6750001D560 /* FirebaseAuth in Frameworks */,
				56F34E782DDBE6750001D560 /* FirebaseAnalytics in Frameworks */,
				56F34E8E2DDBE6750001D560 /* FirebaseFirestore in Frameworks */,
				56F34E982DDBE6750001D560 /* FirebaseInstallations in Frameworks */,
				56F34E942DDBE6750001D560 /* FirebaseFunctionsCombine-Community in Frameworks */,
				56F34E802DDBE6750001D560 /* FirebaseAppDistribution-Beta in Frameworks */,
				56F34E9C2DDBE6750001D560 /* FirebaseMLModelDownloader in Frameworks */,
				56F34E7C2DDBE6750001D560 /* FirebaseAnalyticsWithoutAdIdSupport in Frameworks */,
				56F34E962DDBE6750001D560 /* FirebaseInAppMessaging-Beta in Frameworks */,
				56F34E842DDBE6750001D560 /* FirebaseAuthCombine-Community in Frameworks */,
				56F34E882DDBE6750001D560 /* FirebaseCrashlytics in Frameworks */,
				56F34EA22DDBE6750001D560 /* FirebaseStorage in Frameworks */,
				56F34E862DDBE6750001D560 /* FirebaseCore in Frameworks */,
				56F34E7A2DDBE6750001D560 /* FirebaseAnalyticsOnDeviceConversion in Frameworks */,
			);
			runOnlyForDeploymentPostprocessing = 0;
		};
		562B13432DDBE08E00FE33B3 /* Frameworks */ = {
			isa = PBXFrameworksBuildPhase;
			buildActionMask = 2147483647;
			files = (
			);
			runOnlyForDeploymentPostprocessing = 0;
		};
		562B134D2DDBE08E00FE33B3 /* Frameworks */ = {
			isa = PBXFrameworksBuildPhase;
			buildActionMask = 2147483647;
			files = (
			);
			runOnlyForDeploymentPostprocessing = 0;
		};
/* End PBXFrameworksBuildPhase section */

/* Begin PBXGroup section */
		562B13302DDBE08C00FE33B3 = {
			isa = PBXGroup;
			children = (
				562B133B2DDBE08C00FE33B3 /* pushlap */,
				562B13492DDBE08E00FE33B3 /* pushlapTests */,
				562B13532DDBE08E00FE33B3 /* pushlapUITests */,
				56F34E762DDBE6750001D560 /* Frameworks */,
				562B133A2DDBE08C00FE33B3 /* Products */,
			);
			sourceTree = "<group>";
		};
		562B133A2DDBE08C00FE33B3 /* Products */ = {
			isa = PBXGroup;
			children = (
				562B13392DDBE08C00FE33B3 /* pushlap.app */,
				562B13462DDBE08E00FE33B3 /* pushlapTests.xctest */,
				562B13502DDBE08E00FE33B3 /* pushlapUITests.xctest */,
			);
			name = Products;
			sourceTree = "<group>";
		};
		56F34E762DDBE6750001D560 /* Frameworks */ = {
			isa = PBXGroup;
			children = (
			);
			name = Frameworks;
			sourceTree = "<group>";
		};
/* End PBXGroup section */

/* Begin PBXNativeTarget section */
		562B13382DDBE08C00FE33B3 /* pushlap */ = {
			isa = PBXNativeTarget;
			buildConfigurationList = 562B135A2DDBE08E00FE33B3 /* Build configuration list for PBXNativeTarget "pushlap" */;
			buildPhases = (
				562B13352DDBE08C00FE33B3 /* Sources */,
				562B13362DDBE08C00FE33B3 /* Frameworks */,
				562B13372DDBE08C00FE33B3 /* Resources */,
			);
			buildRules = (
			);
			dependencies = (
			);
			fileSystemSynchronizedGroups = (
				562B133B2DDBE08C00FE33B3 /* pushlap */,
			);
			name = pushlap;
			packageProductDependencies = (
				56F34E772DDBE6750001D560 /* FirebaseAnalytics */,
				56F34E792DDBE6750001D560 /* FirebaseAnalyticsOnDeviceConversion */,
				56F34E7B2DDBE6750001D560 /* FirebaseAnalyticsWithoutAdIdSupport */,
				56F34E7D2DDBE6750001D560 /* FirebaseAppCheck */,
				56F34E7F2DDBE6750001D560 /* FirebaseAppDistribution-Beta */,
				56F34E812DDBE6750001D560 /* FirebaseAuth */,
				56F34E832DDBE6750001D560 /* FirebaseAuthCombine-Community */,
				56F34E852DDBE6750001D560 /* FirebaseCore */,
				56F34E872DDBE6750001D560 /* FirebaseCrashlytics */,
				56F34E892DDBE6750001D560 /* FirebaseDatabase */,
				56F34E8B2DDBE6750001D560 /* FirebaseDynamicLinks */,
				56F34E8D2DDBE6750001D560 /* FirebaseFirestore */,
				56F34E8F2DDBE6750001D560 /* FirebaseFirestoreCombine-Community */,
				56F34E912DDBE6750001D560 /* FirebaseFunctions */,
				56F34E932DDBE6750001D560 /* FirebaseFunctionsCombine-Community */,
				56F34E952DDBE6750001D560 /* FirebaseInAppMessaging-Beta */,
				56F34E972DDBE6750001D560 /* FirebaseInstallations */,
				56F34E992DDBE6750001D560 /* FirebaseMessaging */,
				56F34E9B2DDBE6750001D560 /* FirebaseMLModelDownloader */,
				56F34E9D2DDBE6750001D560 /* FirebasePerformance */,
				56F34E9F2DDBE6750001D560 /* FirebaseRemoteConfig */,
				56F34EA12DDBE6750001D560 /* FirebaseStorage */,
				56F34EA32DDBE6750001D560 /* FirebaseStorageCombine-Community */,
				56F34EA52DDBE6750001D560 /* FirebaseVertexAI */,
			);
			productName = pushlap;
			productReference = 562B13392DDBE08C00FE33B3 /* pushlap.app */;
			productType = "com.apple.product-type.application";
		};
		562B13452DDBE08E00FE33B3 /* pushlapTests */ = {
			isa = PBXNativeTarget;
			buildConfigurationList = 562B135D2DDBE08E00FE33B3 /* Build configuration list for PBXNativeTarget "pushlapTests" */;
			buildPhases = (
				562B13422DDBE08E00FE33B3 /* Sources */,
				562B13432DDBE08E00FE33B3 /* Frameworks */,
				562B13442DDBE08E00FE33B3 /* Resources */,
			);
			buildRules = (
			);
			dependencies = (
				562B13482DDBE08E00FE33B3 /* PBXTargetDependency */,
			);
			fileSystemSynchronizedGroups = (
				562B13492DDBE08E00FE33B3 /* pushlapTests */,
			);
			name = pushlapTests;
			packageProductDependencies = (
			);
			productName = pushlapTests;
			productReference = 562B13462DDBE08E00FE33B3 /* pushlapTests.xctest */;
			productType = "com.apple.product-type.bundle.unit-test";
		};
		562B134F2DDBE08E00FE33B3 /* pushlapUITests */ = {
			isa = PBXNativeTarget;
			buildConfigurationList = 562B13602DDBE08E00FE33B3 /* Build configuration list for PBXNativeTarget "pushlapUITests" */;
			buildPhases = (
				562B134C2DDBE08E00FE33B3 /* Sources */,
				562B134D2DDBE08E00FE33B3 /* Frameworks */,
				562B134E2DDBE08E00FE33B3 /* Resources */,
			);
			buildRules = (
			);
			dependencies = (
				562B13522DDBE08E00FE33B3 /* PBXTargetDependency */,
			);
			fileSystemSynchronizedGroups = (
				562B13532DDBE08E00FE33B3 /* pushlapUITests */,
			);
			name = pushlapUITests;
			packageProductDependencies = (
			);
			productName = pushlapUITests;
			productReference = 562B13502DDBE08E00FE33B3 /* pushlapUITests.xctest */;
			productType = "com.apple.product-type.bundle.ui-testing";
		};
/* End PBXNativeTarget section */

/* Begin PBXProject section */
		562B13312DDBE08C00FE33B3 /* Project object */ = {
			isa = PBXProject;
			attributes = {
				BuildIndependentTargetsInParallel = 1;
				LastSwiftUpdateCheck = 1630;
				LastUpgradeCheck = 1630;
				TargetAttributes = {
					562B13382DDBE08C00FE33B3 = {
						CreatedOnToolsVersion = 16.3;
					};
					562B13452DDBE08E00FE33B3 = {
						CreatedOnToolsVersion = 16.3;
						TestTargetID = 562B13382DDBE08C00FE33B3;
					};
					562B134F2DDBE08E00FE33B3 = {
						CreatedOnToolsVersion = 16.3;
						TestTargetID = 562B13382DDBE08C00FE33B3;
					};
				};
			};
			buildConfigurationList = 562B13342DDBE08C00FE33B3 /* Build configuration list for PBXProject "pushlap" */;
			developmentRegion = en;
			hasScannedForEncodings = 0;
			knownRegions = (
				en,
				Base,
			);
			mainGroup = 562B13302DDBE08C00FE33B3;
			minimizedProjectReferenceProxies = 1;
			packageReferences = (
				56F34E752DDBE6280001D560 /* XCRemoteSwiftPackageReference "firebase-ios-sdk" */,
			);
			preferredProjectObjectVersion = 77;
			productRefGroup = 562B133A2DDBE08C00FE33B3 /* Products */;
			projectDirPath = "";
			projectRoot = "";
			targets = (
				562B13382DDBE08C00FE33B3 /* pushlap */,
				562B13452DDBE08E00FE33B3 /* pushlapTests */,
				562B134F2DDBE08E00FE33B3 /* pushlapUITests */,
			);
		};
/* End PBXProject section */

/* Begin PBXResourcesBuildPhase section */
		562B13372DDBE08C00FE33B3 /* Resources */ = {
			isa = PBXResourcesBuildPhase;
			buildActionMask = 2147483647;
			files = (
			);
			runOnlyForDeploymentPostprocessing = 0;
		};
		562B13442DDBE08E00FE33B3 /* Resources */ = {
			isa = PBXResourcesBuildPhase;
			buildActionMask = 2147483647;
			files = (
			);
			runOnlyForDeploymentPostprocessing = 0;
		};
		562B134E2DDBE08E00FE33B3 /* Resources */ = {
			isa = PBXResourcesBuildPhase;
			buildActionMask = 2147483647;
			files = (
			);
			runOnlyForDeploymentPostprocessing = 0;
		};
/* End PBXResourcesBuildPhase section */

/* Begin PBXSourcesBuildPhase section */
		562B13352DDBE08C00FE33B3 /* Sources */ = {
			isa = PBXSourcesBuildPhase;
			buildActionMask = 2147483647;
			files = (
			);
			runOnlyForDeploymentPostprocessing = 0;
		};
		562B13422DDBE08E00FE33B3 /* Sources */ = {
			isa = PBXSourcesBuildPhase;
			buildActionMask = 2147483647;
			files = (
			);
			runOnlyForDeploymentPostprocessing = 0;
		};
		562B134C2DDBE08E00FE33B3 /* Sources */ = {
			isa = PBXSourcesBuildPhase;
			buildActionMask = 2147483647;
			files = (
			);
			runOnlyForDeploymentPostprocessing = 0;
		};
/* End PBXSourcesBuildPhase section */

/* Begin PBXTargetDependency section */
		562B13482DDBE08E00FE33B3 /* PBXTargetDependency */ = {
			isa = PBXTargetDependency;
			target = 562B13382DDBE08C00FE33B3 /* pushlap */;
			targetProxy = 562B13472DDBE08E00FE33B3 /* PBXContainerItemProxy */;
		};
		562B13522DDBE08E00FE33B3 /* PBXTargetDependency */ = {
			isa = PBXTargetDependency;
			target = 562B13382DDBE08C00FE33B3 /* pushlap */;
			targetProxy = 562B13512DDBE08E00FE33B3 /* PBXContainerItemProxy */;
		};
/* End PBXTargetDependency section */

/* Begin XCBuildConfiguration section */
		562B13582DDBE08E00FE33B3 /* Debug */ = {
			isa = XCBuildConfiguration;
			buildSettings = {
				ALWAYS_SEARCH_USER_PATHS = NO;
				ASSETCATALOG_COMPILER_GENERATE_SWIFT_ASSET_SYMBOL_EXTENSIONS = YES;
				CLANG_ANALYZER_NONNULL = YES;
				CLANG_ANALYZER_NUMBER_OBJECT_CONVERSION = YES_AGGRESSIVE;
				CLANG_CXX_LANGUAGE_STANDARD = "gnu++20";
				CLANG_ENABLE_MODULES = YES;
				CLANG_ENABLE_OBJC_ARC = YES;
				CLANG_ENABLE_OBJC_WEAK = YES;
				CLANG_WARN_BLOCK_CAPTURE_AUTORELEASING = YES;
				CLANG_WARN_BOOL_CONVERSION = YES;
				CLANG_WARN_COMMA = YES;
				CLANG_WARN_CONSTANT_CONVERSION = YES;
				CLANG_WARN_DEPRECATED_OBJC_IMPLEMENTATIONS = YES;
				CLANG_WARN_DIRECT_OBJC_ISA_USAGE = YES_ERROR;
				CLANG_WARN_DOCUMENTATION_COMMENTS = YES;
				CLANG_WARN_EMPTY_BODY = YES;
				CLANG_WARN_ENUM_CONVERSION = YES;
				CLANG_WARN_INFINITE_RECURSION = YES;
				CLANG_WARN_INT_CONVERSION = YES;
				CLANG_WARN_NON_LITERAL_NULL_CONVERSION = YES;
				CLANG_WARN_OBJC_IMPLICIT_RETAIN_SELF = YES;
				CLANG_WARN_OBJC_LITERAL_CONVERSION = YES;
				CLANG_WARN_OBJC_ROOT_CLASS = YES_ERROR;
				CLANG_WARN_QUOTED_INCLUDE_IN_FRAMEWORK_HEADER = YES;
				CLANG_WARN_RANGE_LOOP_ANALYSIS = YES;
				CLANG_WARN_STRICT_PROTOTYPES = YES;
				CLANG_WARN_SUSPICIOUS_MOVE = YES;
				CLANG_WARN_UNGUARDED_AVAILABILITY = YES_AGGRESSIVE;
				CLANG_WARN_UNREACHABLE_CODE = YES;
				CLANG_WARN__DUPLICATE_METHOD_MATCH = YES;
				COPY_PHASE_STRIP = NO;
				DEBUG_INFORMATION_FORMAT = dwarf;
				DEVELOPMENT_TEAM = 2ER7ZD47W2;
				ENABLE_STRICT_OBJC_MSGSEND = YES;
				ENABLE_TESTABILITY = YES;
				ENABLE_USER_SCRIPT_SANDBOXING = YES;
				GCC_C_LANGUAGE_STANDARD = gnu17;
				GCC_DYNAMIC_NO_PIC = NO;
				GCC_NO_COMMON_BLOCKS = YES;
				GCC_OPTIMIZATION_LEVEL = 0;
				GCC_PREPROCESSOR_DEFINITIONS = (
					"DEBUG=1",
					"$(inherited)",
				);
				GCC_WARN_64_TO_32_BIT_CONVERSION = YES;
				GCC_WARN_ABOUT_RETURN_TYPE = YES_ERROR;
				GCC_WARN_UNDECLARED_SELECTOR = YES;
				GCC_WARN_UNINITIALIZED_AUTOS = YES_AGGRESSIVE;
				GCC_WARN_UNUSED_FUNCTION = YES;
				GCC_WARN_UNUSED_VARIABLE = YES;
				IPHONEOS_DEPLOYMENT_TARGET = 18.4;
				LOCALIZATION_PREFERS_STRING_CATALOGS = YES;
				MTL_ENABLE_DEBUG_INFO = INCLUDE_SOURCE;
				MTL_FAST_MATH = YES;
				ONLY_ACTIVE_ARCH = YES;
				SDKROOT = iphoneos;
				SWIFT_ACTIVE_COMPILATION_CONDITIONS = "DEBUG $(inherited)";
				SWIFT_OPTIMIZATION_LEVEL = "-Onone";
			};
			name = Debug;
		};
		562B13592DDBE08E00FE33B3 /* Release */ = {
			isa = XCBuildConfiguration;
			buildSettings = {
				ALWAYS_SEARCH_USER_PATHS = NO;
				ASSETCATALOG_COMPILER_GENERATE_SWIFT_ASSET_SYMBOL_EXTENSIONS = YES;
				CLANG_ANALYZER_NONNULL = YES;
				CLANG_ANALYZER_NUMBER_OBJECT_CONVERSION = YES_AGGRESSIVE;
				CLANG_CXX_LANGUAGE_STANDARD = "gnu++20";
				CLANG_ENABLE_MODULES = YES;
				CLANG_ENABLE_OBJC_ARC = YES;
				CLANG_ENABLE_OBJC_WEAK = YES;
				CLANG_WARN_BLOCK_CAPTURE_AUTORELEASING = YES;
				CLANG_WARN_BOOL_CONVERSION = YES;
				CLANG_WARN_COMMA = YES;
				CLANG_WARN_CONSTANT_CONVERSION = YES;
				CLANG_WARN_DEPRECATED_OBJC_IMPLEMENTATIONS = YES;
				CLANG_WARN_DIRECT_OBJC_ISA_USAGE = YES_ERROR;
				CLANG_WARN_DOCUMENTATION_COMMENTS = YES;
				CLANG_WARN_EMPTY_BODY = YES;
				CLANG_WARN_ENUM_CONVERSION = YES;
				CLANG_WARN_INFINITE_RECURSION = YES;
				CLANG_WARN_INT_CONVERSION = YES;
				CLANG_WARN_NON_LITERAL_NULL_CONVERSION = YES;
				CLANG_WARN_OBJC_IMPLICIT_RETAIN_SELF = YES;
				CLANG_WARN_OBJC_LITERAL_CONVERSION = YES;
				CLANG_WARN_OBJC_ROOT_CLASS = YES_ERROR;
				CLANG_WARN_QUOTED_INCLUDE_IN_FRAMEWORK_HEADER = YES;
				CLANG_WARN_RANGE_LOOP_ANALYSIS = YES;
				CLANG_WARN_STRICT_PROTOTYPES = YES;
				CLANG_WARN_SUSPICIOUS_MOVE = YES;
				CLANG_WARN_UNGUARDED_AVAILABILITY = YES_AGGRESSIVE;
				CLANG_WARN_UNREACHABLE_CODE = YES;
				CLANG_WARN__DUPLICATE_METHOD_MATCH = YES;
				COPY_PHASE_STRIP = NO;
				DEBUG_INFORMATION_FORMAT = "dwarf-with-dsym";
				DEVELOPMENT_TEAM = 2ER7ZD47W2;
				ENABLE_NS_ASSERTIONS = NO;
				ENABLE_STRICT_OBJC_MSGSEND = YES;
				ENABLE_USER_SCRIPT_SANDBOXING = YES;
				GCC_C_LANGUAGE_STANDARD = gnu17;
				GCC_NO_COMMON_BLOCKS = YES;
				GCC_WARN_64_TO_32_BIT_CONVERSION = YES;
				GCC_WARN_ABOUT_RETURN_TYPE = YES_ERROR;
				GCC_WARN_UNDECLARED_SELECTOR = YES;
				GCC_WARN_UNINITIALIZED_AUTOS = YES_AGGRESSIVE;
				GCC_WARN_UNUSED_FUNCTION = YES;
				GCC_WARN_UNUSED_VARIABLE = YES;
				IPHONEOS_DEPLOYMENT_TARGET = 18.4;
				LOCALIZATION_PREFERS_STRING_CATALOGS = YES;
				MTL_ENABLE_DEBUG_INFO = NO;
				MTL_FAST_MATH = YES;
				SDKROOT = iphoneos;
				SWIFT_COMPILATION_MODE = wholemodule;
				VALIDATE_PRODUCT = YES;
			};
			name = Release;
		};
		562B135B2DDBE08E00FE33B3 /* Debug */ = {
			isa = XCBuildConfiguration;
			buildSettings = {
				ASSETCATALOG_COMPILER_APPICON_NAME = AppIcon;
				ASSETCATALOG_COMPILER_GLOBAL_ACCENT_COLOR_NAME = AccentColor;
				CODE_SIGN_STYLE = Automatic;
				CURRENT_PROJECT_VERSION = 1;
				DEVELOPMENT_TEAM = 2ER7ZD47W2;
				ENABLE_PREVIEWS = YES;
				GENERATE_INFOPLIST_FILE = YES;
				INFOPLIST_KEY_UIApplicationSceneManifest_Generation = YES;
				INFOPLIST_KEY_UIApplicationSupportsIndirectInputEvents = YES;
				INFOPLIST_KEY_UILaunchScreen_Generation = YES;
				INFOPLIST_KEY_UISupportedInterfaceOrientations_iPad = "UIInterfaceOrientationPortrait UIInterfaceOrientationPortraitUpsideDown UIInterfaceOrientationLandscapeLeft UIInterfaceOrientationLandscapeRight";
				INFOPLIST_KEY_UISupportedInterfaceOrientations_iPhone = "UIInterfaceOrientationPortrait UIInterfaceOrientationLandscapeLeft UIInterfaceOrientationLandscapeRight";
				LD_RUNPATH_SEARCH_PATHS = (
					"$(inherited)",
					"@executable_path/Frameworks",
				);
				MARKETING_VERSION = 1.0;
				PRODUCT_BUNDLE_IDENTIFIER = com.max.pushlap;
				PRODUCT_NAME = "$(TARGET_NAME)";
				SWIFT_EMIT_LOC_STRINGS = YES;
				SWIFT_VERSION = 5.0;
				TARGETED_DEVICE_FAMILY = "1,2";
			};
			name = Debug;
		};
		562B135C2DDBE08E00FE33B3 /* Release */ = {
			isa = XCBuildConfiguration;
			buildSettings = {
				ASSETCATALOG_COMPILER_APPICON_NAME = AppIcon;
				ASSETCATALOG_COMPILER_GLOBAL_ACCENT_COLOR_NAME = AccentColor;
				CODE_SIGN_STYLE = Automatic;
				CURRENT_PROJECT_VERSION = 1;
				DEVELOPMENT_TEAM = 2ER7ZD47W2;
				ENABLE_PREVIEWS = YES;
				GENERATE_INFOPLIST_FILE = YES;
				INFOPLIST_KEY_UIApplicationSceneManifest_Generation = YES;
				INFOPLIST_KEY_UIApplicationSupportsIndirectInputEvents = YES;
				INFOPLIST_KEY_UILaunchScreen_Generation = YES;
				INFOPLIST_KEY_UISupportedInterfaceOrientations_iPad = "UIInterfaceOrientationPortrait UIInterfaceOrientationPortraitUpsideDown UIInterfaceOrientationLandscapeLeft UIInterfaceOrientationLandscapeRight";
				INFOPLIST_KEY_UISupportedInterfaceOrientations_iPhone = "UIInterfaceOrientationPortrait UIInterfaceOrientationLandscapeLeft UIInterfaceOrientationLandscapeRight";
				LD_RUNPATH_SEARCH_PATHS = (
					"$(inherited)",
					"@executable_path/Frameworks",
				);
				MARKETING_VERSION = 1.0;
				PRODUCT_BUNDLE_IDENTIFIER = com.max.pushlap;
				PRODUCT_NAME = "$(TARGET_NAME)";
				SWIFT_EMIT_LOC_STRINGS = YES;
				SWIFT_VERSION = 5.0;
				TARGETED_DEVICE_FAMILY = "1,2";
			};
			name = Release;
		};
		562B135E2DDBE08E00FE33B3 /* Debug */ = {
			isa = XCBuildConfiguration;
			buildSettings = {
				BUNDLE_LOADER = "$(TEST_HOST)";
				CODE_SIGN_STYLE = Automatic;
				CURRENT_PROJECT_VERSION = 1;
				DEVELOPMENT_TEAM = 2ER7ZD47W2;
				GENERATE_INFOPLIST_FILE = YES;
				IPHONEOS_DEPLOYMENT_TARGET = 18.4;
				MARKETING_VERSION = 1.0;
				PRODUCT_BUNDLE_IDENTIFIER = com.max.pushlapTests;
				PRODUCT_NAME = "$(TARGET_NAME)";
				SWIFT_EMIT_LOC_STRINGS = NO;
				SWIFT_VERSION = 5.0;
				TARGETED_DEVICE_FAMILY = "1,2";
				TEST_HOST = "$(BUILT_PRODUCTS_DIR)/pushlap.app/$(BUNDLE_EXECUTABLE_FOLDER_PATH)/pushlap";
			};
			name = Debug;
		};
		562B135F2DDBE08E00FE33B3 /* Release */ = {
			isa = XCBuildConfiguration;
			buildSettings = {
				BUNDLE_LOADER = "$(TEST_HOST)";
				CODE_SIGN_STYLE = Automatic;
				CURRENT_PROJECT_VERSION = 1;
				DEVELOPMENT_TEAM = 2ER7ZD47W2;
				GENERATE_INFOPLIST_FILE = YES;
				IPHONEOS_DEPLOYMENT_TARGET = 18.4;
				MARKETING_VERSION = 1.0;
				PRODUCT_BUNDLE_IDENTIFIER = com.max.pushlapTests;
				PRODUCT_NAME = "$(TARGET_NAME)";
				SWIFT_EMIT_LOC_STRINGS = NO;
				SWIFT_VERSION = 5.0;
				TARGETED_DEVICE_FAMILY = "1,2";
				TEST_HOST = "$(BUILT_PRODUCTS_DIR)/pushlap.app/$(BUNDLE_EXECUTABLE_FOLDER_PATH)/pushlap";
			};
			name = Release;
		};
		562B13612DDBE08E00FE33B3 /* Debug */ = {
			isa = XCBuildConfiguration;
			buildSettings = {
				CODE_SIGN_STYLE = Automatic;
				CURRENT_PROJECT_VERSION = 1;
				DEVELOPMENT_TEAM = 2ER7ZD47W2;
				GENERATE_INFOPLIST_FILE = YES;
				MARKETING_VERSION = 1.0;
				PRODUCT_BUNDLE_IDENTIFIER = com.max.pushlapUITests;
				PRODUCT_NAME = "$(TARGET_NAME)";
				SWIFT_EMIT_LOC_STRINGS = NO;
				SWIFT_VERSION = 5.0;
				TARGETED_DEVICE_FAMILY = "1,2";
				TEST_TARGET_NAME = pushlap;
			};
			name = Debug;
		};
		562B13622DDBE08E00FE33B3 /* Release */ = {
			isa = XCBuildConfiguration;
			buildSettings = {
				CODE_SIGN_STYLE = Automatic;
				CURRENT_PROJECT_VERSION = 1;
				DEVELOPMENT_TEAM = 2ER7ZD47W2;
				GENERATE_INFOPLIST_FILE = YES;
				MARKETING_VERSION = 1.0;
				PRODUCT_BUNDLE_IDENTIFIER = com.max.pushlapUITests;
				PRODUCT_NAME = "$(TARGET_NAME)";
				SWIFT_EMIT_LOC_STRINGS = NO;
				SWIFT_VERSION = 5.0;
				TARGETED_DEVICE_FAMILY = "1,2";
				TEST_TARGET_NAME = pushlap;
			};
			name = Release;
		};
/* End XCBuildConfiguration section */

/* Begin XCConfigurationList section */
		562B13342DDBE08C00FE33B3 /* Build configuration list for PBXProject "pushlap" */ = {
			isa = XCConfigurationList;
			buildConfigurations = (
				562B13582DDBE08E00FE33B3 /* Debug */,
				562B13592DDBE08E00FE33B3 /* Release */,
			);
			defaultConfigurationIsVisible = 0;
			defaultConfigurationName = Release;
		};
		562B135A2DDBE08E00FE33B3 /* Build configuration list for PBXNativeTarget "pushlap" */ = {
			isa = XCConfigurationList;
			buildConfigurations = (
				562B135B2DDBE08E00FE33B3 /* Debug */,
				562B135C2DDBE08E00FE33B3 /* Release */,
			);
			defaultConfigurationIsVisible = 0;
			defaultConfigurationName = Release;
		};
		562B135D2DDBE08E00FE33B3 /* Build configuration list for PBXNativeTarget "pushlapTests" */ = {
			isa = XCConfigurationList;
			buildConfigurations = (
				562B135E2DDBE08E00FE33B3 /* Debug */,
				562B135F2DDBE08E00FE33B3 /* Release */,
			);
			defaultConfigurationIsVisible = 0;
			defaultConfigurationName = Release;
		};
		562B13602DDBE08E00FE33B3 /* Build configuration list for PBXNativeTarget "pushlapUITests" */ = {
			isa = XCConfigurationList;
			buildConfigurations = (
				562B13612DDBE08E00FE33B3 /* Debug */,
				562B13622DDBE08E00FE33B3 /* Release */,
			);
			defaultConfigurationIsVisible = 0;
			defaultConfigurationName = Release;
		};
/* End XCConfigurationList section */

/* Begin XCRemoteSwiftPackageReference section */
		56F34E752DDBE6280001D560 /* XCRemoteSwiftPackageReference "firebase-ios-sdk" */ = {
			isa = XCRemoteSwiftPackageReference;
			repositoryURL = "https://github.com/firebase/firebase-ios-sdk";
			requirement = {
				kind = upToNextMajorVersion;
				minimumVersion = 11.12.0;
			};
		};
/* End XCRemoteSwiftPackageReference section */

/* Begin XCSwiftPackageProductDependency section */
		56F34E772DDBE6750001D560 /* FirebaseAnalytics */ = {
			isa = XCSwiftPackageProductDependency;
			package = 56F34E752DDBE6280001D560 /* XCRemoteSwiftPackageReference "firebase-ios-sdk" */;
			productName = FirebaseAnalytics;
		};
		56F34E792DDBE6750001D560 /* FirebaseAnalyticsOnDeviceConversion */ = {
			isa = XCSwiftPackageProductDependency;
			package = 56F34E752DDBE6280001D560 /* XCRemoteSwiftPackageReference "firebase-ios-sdk" */;
			productName = FirebaseAnalyticsOnDeviceConversion;
		};
		56F34E7B2DDBE6750001D560 /* FirebaseAnalyticsWithoutAdIdSupport */ = {
			isa = XCSwiftPackageProductDependency;
			package = 56F34E752DDBE6280001D560 /* XCRemoteSwiftPackageReference "firebase-ios-sdk" */;
			productName = FirebaseAnalyticsWithoutAdIdSupport;
		};
		56F34E7D2DDBE6750001D560 /* FirebaseAppCheck */ = {
			isa = XCSwiftPackageProductDependency;
			package = 56F34E752DDBE6280001D560 /* XCRemoteSwiftPackageReference "firebase-ios-sdk" */;
			productName = FirebaseAppCheck;
		};
		56F34E7F2DDBE6750001D560 /* FirebaseAppDistribution-Beta */ = {
			isa = XCSwiftPackageProductDependency;
			package = 56F34E752DDBE6280001D560 /* XCRemoteSwiftPackageReference "firebase-ios-sdk" */;
			productName = "FirebaseAppDistribution-Beta";
		};
		56F34E812DDBE6750001D560 /* FirebaseAuth */ = {
			isa = XCSwiftPackageProductDependency;
			package = 56F34E752DDBE6280001D560 /* XCRemoteSwiftPackageReference "firebase-ios-sdk" */;
			productName = FirebaseAuth;
		};
		56F34E832DDBE6750001D560 /* FirebaseAuthCombine-Community */ = {
			isa = XCSwiftPackageProductDependency;
			package = 56F34E752DDBE6280001D560 /* XCRemoteSwiftPackageReference "firebase-ios-sdk" */;
			productName = "FirebaseAuthCombine-Community";
		};
		56F34E852DDBE6750001D560 /* FirebaseCore */ = {
			isa = XCSwiftPackageProductDependency;
			package = 56F34E752DDBE6280001D560 /* XCRemoteSwiftPackageReference "firebase-ios-sdk" */;
			productName = FirebaseCore;
		};
		56F34E872DDBE6750001D560 /* FirebaseCrashlytics */ = {
			isa = XCSwiftPackageProductDependency;
			package = 56F34E752DDBE6280001D560 /* XCRemoteSwiftPackageReference "firebase-ios-sdk" */;
			productName = FirebaseCrashlytics;
		};
		56F34E892DDBE6750001D560 /* FirebaseDatabase */ = {
			isa = XCSwiftPackageProductDependency;
			package = 56F34E752DDBE6280001D560 /* XCRemoteSwiftPackageReference "firebase-ios-sdk" */;
			productName = FirebaseDatabase;
		};
		56F34E8B2DDBE6750001D560 /* FirebaseDynamicLinks */ = {
			isa = XCSwiftPackageProductDependency;
			package = 56F34E752DDBE6280001D560 /* XCRemoteSwiftPackageReference "firebase-ios-sdk" */;
			productName = FirebaseDynamicLinks;
		};
		56F34E8D2DDBE6750001D560 /* FirebaseFirestore */ = {
			isa = XCSwiftPackageProductDependency;
			package = 56F34E752DDBE6280001D560 /* XCRemoteSwiftPackageReference "firebase-ios-sdk" */;
			productName = FirebaseFirestore;
		};
		56F34E8F2DDBE6750001D560 /* FirebaseFirestoreCombine-Community */ = {
			isa = XCSwiftPackageProductDependency;
			package = 56F34E752DDBE6280001D560 /* XCRemoteSwiftPackageReference "firebase-ios-sdk" */;
			productName = "FirebaseFirestoreCombine-Community";
		};
		56F34E912DDBE6750001D560 /* FirebaseFunctions */ = {
			isa = XCSwiftPackageProductDependency;
			package = 56F34E752DDBE6280001D560 /* XCRemoteSwiftPackageReference "firebase-ios-sdk" */;
			productName = FirebaseFunctions;
		};
		56F34E932DDBE6750001D560 /* FirebaseFunctionsCombine-Community */ = {
			isa = XCSwiftPackageProductDependency;
			package = 56F34E752DDBE6280001D560 /* XCRemoteSwiftPackageReference "firebase-ios-sdk" */;
			productName = "FirebaseFunctionsCombine-Community";
		};
		56F34E952DDBE6750001D560 /* FirebaseInAppMessaging-Beta */ = {
			isa = XCSwiftPackageProductDependency;
			package = 56F34E752DDBE6280001D560 /* XCRemoteSwiftPackageReference "firebase-ios-sdk" */;
			productName = "FirebaseInAppMessaging-Beta";
		};
		56F34E972DDBE6750001D560 /* FirebaseInstallations */ = {
			isa = XCSwiftPackageProductDependency;
			package = 56F34E752DDBE6280001D560 /* XCRemoteSwiftPackageReference "firebase-ios-sdk" */;
			productName = FirebaseInstallations;
		};
		56F34E992DDBE6750001D560 /* FirebaseMessaging */ = {
			isa = XCSwiftPackageProductDependency;
			package = 56F34E752DDBE6280001D560 /* XCRemoteSwiftPackageReference "firebase-ios-sdk" */;
			productName = FirebaseMessaging;
		};
		56F34E9B2DDBE6750001D560 /* FirebaseMLModelDownloader */ = {
			isa = XCSwiftPackageProductDependency;
			package = 56F34E752DDBE6280001D560 /* XCRemoteSwiftPackageReference "firebase-ios-sdk" */;
			productName = FirebaseMLModelDownloader;
		};
		56F34E9D2DDBE6750001D560 /* FirebasePerformance */ = {
			isa = XCSwiftPackageProductDependency;
			package = 56F34E752DDBE6280001D560 /* XCRemoteSwiftPackageReference "firebase-ios-sdk" */;
			productName = FirebasePerformance;
		};
		56F34E9F2DDBE6750001D560 /* FirebaseRemoteConfig */ = {
			isa = XCSwiftPackageProductDependency;
			package = 56F34E752DDBE6280001D560 /* XCRemoteSwiftPackageReference "firebase-ios-sdk" */;
			productName = FirebaseRemoteConfig;
		};
		56F34EA12DDBE6750001D560 /* FirebaseStorage */ = {
			isa = XCSwiftPackageProductDependency;
			package = 56F34E752DDBE6280001D560 /* XCRemoteSwiftPackageReference "firebase-ios-sdk" */;
			productName = FirebaseStorage;
		};
		56F34EA32DDBE6750001D560 /* FirebaseStorageCombine-Community */ = {
			isa = XCSwiftPackageProductDependency;
			package = 56F34E752DDBE6280001D560 /* XCRemoteSwiftPackageReference "firebase-ios-sdk" */;
			productName = "FirebaseStorageCombine-Community";
		};
		56F34EA52DDBE6750001D560 /* FirebaseVertexAI */ = {
			isa = XCSwiftPackageProductDependency;
			package = 56F34E752DDBE6280001D560 /* XCRemoteSwiftPackageReference "firebase-ios-sdk" */;
			productName = FirebaseVertexAI;
		};
/* End XCSwiftPackageProductDependency section */
	};
	rootObject = 562B13312DDBE08C00FE33B3 /* Project object */;
}
